{
    "_readme": [
        "This file locks the dependencies of your project to a known state",
        "Read more about it at https://getcomposer.org/doc/01-basic-usage.md#composer-lock-the-lock-file",
        "This file is @generated automatically"
    ],
    "content-hash": "60ad71a3a915dfdecc5f8f537303c411",
    "packages": [
        {
            "name": "composer/installers",
            "version": "v1.5.0",
            "source": {
                "type": "git",
                "url": "https://github.com/composer/installers.git",
                "reference": "049797d727261bf27f2690430d935067710049c2"
            },
            "dist": {
                "type": "zip",
                "url": "https://api.github.com/repos/composer/installers/zipball/049797d727261bf27f2690430d935067710049c2",
                "reference": "049797d727261bf27f2690430d935067710049c2",
                "shasum": ""
            },
            "require": {
                "composer-plugin-api": "^1.0"
            },
            "replace": {
                "roundcube/plugin-installer": "*",
                "shama/baton": "*"
            },
            "require-dev": {
                "composer/composer": "1.0.*@dev",
                "phpunit/phpunit": "^4.8.36"
            },
            "type": "composer-plugin",
            "extra": {
                "class": "Composer\\Installers\\Plugin",
                "branch-alias": {
                    "dev-master": "1.0-dev"
                }
            },
            "autoload": {
                "psr-4": {
                    "Composer\\Installers\\": "src/Composer/Installers"
                }
            },
            "notification-url": "https://packagist.org/downloads/",
            "license": [
                "MIT"
            ],
            "authors": [
                {
                    "name": "Kyle Robinson Young",
                    "email": "kyle@dontkry.com",
                    "homepage": "https://github.com/shama"
                }
            ],
            "description": "A multi-framework Composer library installer",
            "homepage": "https://composer.github.io/installers/",
            "keywords": [
                "Craft",
                "Dolibarr",
                "Eliasis",
                "Hurad",
                "ImageCMS",
                "Kanboard",
                "Lan Management System",
                "MODX Evo",
                "Mautic",
                "Maya",
                "OXID",
                "Plentymarkets",
                "Porto",
                "RadPHP",
                "SMF",
                "Thelia",
                "WolfCMS",
                "agl",
                "aimeos",
                "annotatecms",
                "attogram",
                "bitrix",
                "cakephp",
                "chef",
                "cockpit",
                "codeigniter",
                "concrete5",
                "croogo",
                "dokuwiki",
                "drupal",
                "eZ Platform",
                "elgg",
                "expressionengine",
                "fuelphp",
                "grav",
                "installer",
                "itop",
                "joomla",
                "kohana",
                "laravel",
                "lavalite",
                "lithium",
                "magento",
                "majima",
                "mako",
                "mediawiki",
                "modulework",
                "modx",
                "moodle",
                "osclass",
                "phpbb",
                "piwik",
                "ppi",
                "puppet",
                "pxcms",
                "reindex",
                "roundcube",
                "shopware",
                "silverstripe",
                "sydes",
                "symfony",
                "typo3",
                "wordpress",
                "yawik",
                "zend",
                "zikula"
            ],
            "time": "2017-12-29T09:13:20+00:00"
        },
        {
            "name": "mustangostang/spyc",
            "version": "0.6.2",
            "source": {
                "type": "git",
                "url": "https://github.com/mustangostang/spyc.git",
                "reference": "23c35ae854d835f2d7bcc3e3ad743d7e57a8c14d"
            },
            "dist": {
                "type": "zip",
                "url": "https://api.github.com/repos/mustangostang/spyc/zipball/23c35ae854d835f2d7bcc3e3ad743d7e57a8c14d",
                "reference": "23c35ae854d835f2d7bcc3e3ad743d7e57a8c14d",
                "shasum": ""
            },
            "require": {
                "php": ">=5.3.1"
            },
            "require-dev": {
                "phpunit/phpunit": "4.3.*@dev"
            },
            "type": "library",
            "extra": {
                "branch-alias": {
                    "dev-master": "0.5.x-dev"
                }
            },
            "autoload": {
                "files": [
                    "Spyc.php"
                ]
            },
            "notification-url": "https://packagist.org/downloads/",
            "license": [
                "MIT"
            ],
            "authors": [
                {
                    "name": "mustangostang",
                    "email": "vlad.andersen@gmail.com"
                }
            ],
            "description": "A simple YAML loader/dumper class for PHP",
            "homepage": "https://github.com/mustangostang/spyc/",
            "keywords": [
                "spyc",
                "yaml",
                "yml"
            ],
            "time": "2017-02-24T16:06:33+00:00"
        },
        {
            "name": "silverstripe/cms",
            "version": "3.7.0",
            "source": {
                "type": "git",
                "url": "https://github.com/silverstripe/silverstripe-cms.git",
                "reference": "59a50dab0b2c8a46af5076266d440934e99778e6"
            },
            "dist": {
                "type": "zip",
                "url": "https://api.github.com/repos/silverstripe/silverstripe-cms/zipball/59a50dab0b2c8a46af5076266d440934e99778e6",
                "reference": "59a50dab0b2c8a46af5076266d440934e99778e6",
                "shasum": ""
            },
            "require": {
                "composer/installers": "*",
                "php": ">=5.3.3",
                "silverstripe/framework": "~3.4",
                "silverstripe/reports": "~3.4",
                "silverstripe/siteconfig": "~3.4"
            },
            "require-dev": {
                "phpunit/phpunit": "^3 || ^4 || ^5"
            },
            "type": "silverstripe-module",
            "autoload": {
                "classmap": [
                    "tests/behat/",
                    "code"
                ]
            },
            "notification-url": "https://packagist.org/downloads/",
            "license": [
                "BSD-3-Clause"
            ],
            "authors": [
                {
                    "name": "SilverStripe",
                    "homepage": "http://silverstripe.com"
                },
                {
                    "name": "The SilverStripe Community",
                    "homepage": "http://silverstripe.org"
                }
            ],
            "description": "The SilverStripe Content Management System",
            "homepage": "http://silverstripe.org",
            "keywords": [
                "cms",
                "silverstripe"
            ],
            "time": "2018-06-08T00:19:32+00:00"
        },
        {
            "name": "silverstripe/framework",
            "version": "3.7.0",
            "source": {
                "type": "git",
                "url": "https://github.com/silverstripe/silverstripe-framework.git",
                "reference": "d9261af1f3201fcea0d67a72b6fa1408ec69effc"
            },
            "dist": {
                "type": "zip",
                "url": "https://api.github.com/repos/silverstripe/silverstripe-framework/zipball/d9261af1f3201fcea0d67a72b6fa1408ec69effc",
                "reference": "d9261af1f3201fcea0d67a72b6fa1408ec69effc",
                "shasum": ""
            },
            "require": {
                "composer/installers": "~1.0",
                "mustangostang/spyc": "^0.6.2",
                "php": "^5.3.3 || ^7"
            },
            "require-dev": {
                "phpunit/phpunit": "^3 || ^4 || ^5"
            },
            "type": "silverstripe-module",
            "autoload": {
                "psr-0": {
                    "SilverStripe\\": "src/",
                    "Zend_": "thirdparty/Zend/"
                },
                "classmap": [
                    "tests/behat/features/bootstrap",
                    "admin/code",
                    "api",
                    "cache",
                    "cli",
                    "control",
                    "core",
                    "dev",
                    "email",
                    "filesystem",
                    "forms",
                    "i18n",
                    "model",
                    "oembed",
                    "parsers",
                    "search",
                    "security",
                    "tasks",
                    "view",
                    "thirdparty/php-peg",
                    "thirdparty/simpletest",
                    "thirdparty/zend_translate_railsyaml"
                ],
                "exclude-from-classmap": [
                    "view/SSTemplateParser.php.inc",
                    "dev/phpunit/PhpUnitWrapper.php",
                    "model/fieldtypes/compat",
                    "core/compat"
                ]
            },
            "notification-url": "https://packagist.org/downloads/",
            "license": [
                "BSD-3-Clause"
            ],
            "authors": [
                {
                    "name": "SilverStripe",
                    "homepage": "http://silverstripe.com"
                },
                {
                    "name": "The SilverStripe Community",
                    "homepage": "http://silverstripe.org"
                }
            ],
            "description": "The SilverStripe framework",
            "homepage": "http://silverstripe.org",
            "keywords": [
                "framework",
                "silverstripe"
            ],
            "time": "2018-06-08T00:19:40+00:00"
        },
        {
            "name": "silverstripe/reports",
            "version": "3.7.0",
            "source": {
                "type": "git",
                "url": "https://github.com/silverstripe/silverstripe-reports.git",
                "reference": "94eace4f456342076e103853ad31ffb540160f0c"
            },
            "dist": {
                "type": "zip",
                "url": "https://api.github.com/repos/silverstripe/silverstripe-reports/zipball/94eace4f456342076e103853ad31ffb540160f0c",
                "reference": "94eace4f456342076e103853ad31ffb540160f0c",
                "shasum": ""
            },
            "require": {
                "php": "^5.3.3 || ^7",
                "silverstripe/framework": "~3.3"
            },
            "require-dev": {
                "phpunit/phpunit": "^3 || ^4 || ^5"
            },
            "type": "silverstripe-module",
            "autoload": {
                "classmap": [
                    "code"
                ]
            },
            "notification-url": "https://packagist.org/downloads/",
            "license": [
                "BSD-3-Clause"
            ],
            "authors": [
                {
                    "name": "SilverStripe",
                    "homepage": "http://silverstripe.com"
                },
                {
                    "name": "The SilverStripe Community",
                    "homepage": "http://silverstripe.org"
                }
            ],
            "description": "Reports module for SilverStripe CMS",
            "homepage": "http://silverstripe.org",
            "keywords": [
                "cms",
                "reports",
                "silverstripe"
            ],
            "time": "2018-06-08T00:19:36+00:00"
        },
        {
            "name": "silverstripe/siteconfig",
            "version": "3.7.0",
            "source": {
                "type": "git",
                "url": "https://github.com/silverstripe/silverstripe-siteconfig.git",
                "reference": "b753b732801f8adbff4670b2893762e3c5a99ea0"
            },
            "dist": {
                "type": "zip",
                "url": "https://api.github.com/repos/silverstripe/silverstripe-siteconfig/zipball/b753b732801f8adbff4670b2893762e3c5a99ea0",
                "reference": "b753b732801f8adbff4670b2893762e3c5a99ea0",
                "shasum": ""
            },
            "require": {
                "silverstripe/framework": "*"
            },
            "require-dev": {
                "phpunit/phpunit": "^3 || ^4 || ^5"
            },
            "type": "silverstripe-module",
            "extra": {
                "installer-name": "siteconfig"
            },
            "autoload": {
                "classmap": [
                    "code"
                ]
            },
            "notification-url": "https://packagist.org/downloads/",
            "authors": [
                {
                    "name": "Will Rossiter",
                    "email": "will@fullscreen.io"
                }
            ],
            "description": "Site wide settings administration.",
            "keywords": [
                "silverstripe",
                "siteconfig"
            ],
            "time": "2018-06-08T00:19:37+00:00"
        },
        {
            "name": "sunnysideup/cms_edit_link_field",
            "version": "7.1.2",
            "source": {
                "type": "git",
                "url": "https://github.com/sunnysideup/silverstripe-cms_edit_link_field.git",
                "reference": "e22a0c9e76ec2d5532d1d878675245d27736c101"
            },
            "dist": {
                "type": "zip",
                "url": "https://api.github.com/repos/sunnysideup/silverstripe-cms_edit_link_field/zipball/e22a0c9e76ec2d5532d1d878675245d27736c101",
                "reference": "e22a0c9e76ec2d5532d1d878675245d27736c101",
                "shasum": ""
            },
            "require": {
                "silverstripe/cms": "~3.6",
                "silverstripe/framework": "~3.6"
            },
            "type": "silverstripe-module",
            "extra": {
                "installer-name": "cms_edit_link_field"
            },
            "notification-url": "https://packagist.org/downloads/",
            "license": [
                "BSD-3-Clause"
            ],
            "authors": [
                {
                    "name": "Nicolaas Francken",
                    "email": "modules@sunnysideup.co.nz",
                    "role": "lead developer"
                }
            ],
            "description": "Adds 'EDIT IN CMS' link to any object within the Silverstripe CMS",
            "keywords": [
                "CMSEditLink",
                "Silverstripe-CMS",
                "cms",
                "silverstripe"
            ],
            "time": "2018-03-20T00:55:19+00:00"
        },
        {
            "name": "sunnysideup/google_address_field",
            "version": "1.9.2",
            "source": {
                "type": "git",
                "url": "https://github.com/sunnysideup/silverstripe-google_address_field.git",
                "reference": "1383f70e8261dab66d0fd1e99eaa369c7e439314"
            },
            "dist": {
                "type": "zip",
                "url": "https://api.github.com/repos/sunnysideup/silverstripe-google_address_field/zipball/1383f70e8261dab66d0fd1e99eaa369c7e439314",
                "reference": "1383f70e8261dab66d0fd1e99eaa369c7e439314",
                "shasum": ""
            },
            "require": {
                "silverstripe/cms": "~3.6",
                "silverstripe/framework": "~3.6"
            },
            "type": "silverstripe-module",
            "extra": {
                "installer-name": "google_address_field"
            },
            "notification-url": "https://packagist.org/downloads/",
            "license": [
                "BSD-3-Clause"
            ],
            "authors": [
                {
                    "name": "Nicolaas Francken",
                    "email": "modules@sunnysideup.co.nz",
                    "role": "lead developer"
                }
            ],
            "description": "Provide a form field for the Silverstripe CMS that allows geocoding address prediction (autocomplete) and quick lookup of addresses using the Google API",
            "keywords": [
                "Silverstripe-CMS",
                "address",
                "autocomplete",
                "cms",
                "field",
                "find address",
                "form",
                "form field",
                "geocoding",
                "google",
                "maps",
                "silverstripe"
            ],
            "time": "2018-03-20T01:16:45+00:00"
        },
        {
            "name": "sunnysideup/permission_provider",
            "version": "2.1.2",
            "source": {
                "type": "git",
                "url": "https://github.com/sunnysideup/silverstripe-permission_provider.git",
                "reference": "03674b41c513030fd9f77b84a9f40f3bc1078591"
            },
            "dist": {
                "type": "zip",
                "url": "https://api.github.com/repos/sunnysideup/silverstripe-permission_provider/zipball/03674b41c513030fd9f77b84a9f40f3bc1078591",
                "reference": "03674b41c513030fd9f77b84a9f40f3bc1078591",
                "shasum": ""
            },
            "require": {
                "silverstripe/cms": "~3.6",
                "silverstripe/framework": "~3.6"
            },
            "type": "silverstripe-module",
            "extra": {
                "installer-name": "permission_provider"
            },
            "notification-url": "https://packagist.org/downloads/",
            "license": [
                "BSD-3-Clause"
            ],
            "authors": [
                {
                    "name": "Nicolaas Francken",
                    "email": "modules@sunnysideup.co.nz",
                    "role": "lead developer"
                }
            ],
            "description": "Make it easier to set up permission groups (creates a member / user, group, and role in one go) for the Silverstripe CMS.",
            "keywords": [
                "Silverstripe-CMS",
                "cms",
                "group",
                "member",
                "permission",
                "permissions",
                "role",
                "security",
                "silverstripe"
            ],
            "time": "2018-03-20T01:25:42+00:00"
        }
    ],
    "packages-dev": [],
    "aliases": [],
    "minimum-stability": "stable",
    "stability-flags": [],
    "prefer-stable": false,
    "prefer-lowest": false,
    "platform": [],
    "platform-dev": []
}
